
Microsoft Visual Studio Solution File, Format Version 12.00
# Visual Studio Version 16
VisualStudioVersion = 16.0.31402.337
MinimumVisualStudioVersion = 10.0.40219.1
Project("{FAE04EC0-301F-11D3-BF4B-00C04F79EFBC}") = "WindowsFormsApplicationRestaurant", "WindowsFormsApplicationRestaurant\WindowsFormsApplicationRestaurant.csproj", "{DDF0D07D-6243-4364-88EA-57C3A826E199}"
EndProject
Global
	GlobalSection(SolutionConfigurationPlatforms) = preSolution
		Debug|Any CPU = Debug|Any CPU
		Release|Any CPU = Release|Any CPU
	EndGlobalSection
	GlobalSection(ProjectConfigurationPlatforms) = postSolution
		{DDF0D07D-6243-4364-88EA-57C3A826E199}.Debug|Any CPU.ActiveCfg = Debug|Any CPU
		{DDF0D07D-6243-4364-88EA-57C3A826E199}.Debug|Any CPU.Build.0 = Debug|Any CPU
		{DDF0D07D-6243-4364-88EA-57C3A826E199}.Release|Any CPU.ActiveCfg = Release|Any CPU
		{DDF0D07D-6243-4364-88EA-57C3A826E199}.Release|Any CPU.Build.0 = Release|Any CPU
	EndGlobalSection
	GlobalSection(SolutionProperties) = preSolution
		HideSolutionNode = FALSE
	EndGlobalSection
	GlobalSection(ExtensibilityGlobals) = postSolution
		SolutionGuid = {763CA6CE-699F-428B-9056-04B8999521F1}
	EndGlobalSection
EndGlobal
